
Microsoft Visual Studio Solution File, Format Version 12.00
# Visual Studio Version 16
VisualStudioVersion = 16.0.33529.622
MinimumVisualStudioVersion = 10.0.40219.1
Project("{9A19103F-16F7-4668-BE54-9A1E7A4F7556}") = "ConstelLite", "ConstelLite.csproj", "{C815DCC6-FFDA-4F48-A20D-C062D356B7ED}"
EndProject
Project("{9A19103F-16F7-4668-BE54-9A1E7A4F7556}") = "ConstelLiteShell", "ConstelLiteShell\ConstelLiteShell.csproj", "{9EB6FC63-C361-49BE-98B9-A32A17DB5761}"
EndProject
Project("{9A19103F-16F7-4668-BE54-9A1E7A4F7556}") = "ConstelLiteTesting", "ConstelLiteTesting\ConstelLiteTesting.csproj", "{451A8715-A659-414A-B856-063A63390DC0}"
EndProject
Project("{9A19103F-16F7-4668-BE54-9A1E7A4F7556}") = "ConstelLiteTestPlayground", "ConstelLiteTestPlayground\ConstelLiteTestPlayground.csproj", "{0D1B4634-4A0F-4BA2-A9FB-646705DC6FD2}"
EndProject
Global
	GlobalSection(SolutionConfigurationPlatforms) = preSolution
		Debug|Any CPU = Debug|Any CPU
		Release|Any CPU = Release|Any CPU
	EndGlobalSection
	GlobalSection(ProjectConfigurationPlatforms) = postSolution
		{C815DCC6-FFDA-4F48-A20D-C062D356B7ED}.Debug|Any CPU.ActiveCfg = Debug|Any CPU
		{C815DCC6-FFDA-4F48-A20D-C062D356B7ED}.Debug|Any CPU.Build.0 = Debug|Any CPU
		{C815DCC6-FFDA-4F48-A20D-C062D356B7ED}.Release|Any CPU.ActiveCfg = Release|Any CPU
		{C815DCC6-FFDA-4F48-A20D-C062D356B7ED}.Release|Any CPU.Build.0 = Release|Any CPU
		{9EB6FC63-C361-49BE-98B9-A32A17DB5761}.Debug|Any CPU.ActiveCfg = Debug|Any CPU
		{9EB6FC63-C361-49BE-98B9-A32A17DB5761}.Debug|Any CPU.Build.0 = Debug|Any CPU
		{9EB6FC63-C361-49BE-98B9-A32A17DB5761}.Release|Any CPU.ActiveCfg = Release|Any CPU
		{9EB6FC63-C361-49BE-98B9-A32A17DB5761}.Release|Any CPU.Build.0 = Release|Any CPU
		{451A8715-A659-414A-B856-063A63390DC0}.Debug|Any CPU.ActiveCfg = Debug|Any CPU
		{451A8715-A659-414A-B856-063A63390DC0}.Debug|Any CPU.Build.0 = Debug|Any CPU
		{451A8715-A659-414A-B856-063A63390DC0}.Release|Any CPU.ActiveCfg = Release|Any CPU
		{451A8715-A659-414A-B856-063A63390DC0}.Release|Any CPU.Build.0 = Release|Any CPU
		{0D1B4634-4A0F-4BA2-A9FB-646705DC6FD2}.Debug|Any CPU.ActiveCfg = Debug|Any CPU
		{0D1B4634-4A0F-4BA2-A9FB-646705DC6FD2}.Debug|Any CPU.Build.0 = Debug|Any CPU
		{0D1B4634-4A0F-4BA2-A9FB-646705DC6FD2}.Release|Any CPU.ActiveCfg = Release|Any CPU
		{0D1B4634-4A0F-4BA2-A9FB-646705DC6FD2}.Release|Any CPU.Build.0 = Release|Any CPU
	EndGlobalSection
	GlobalSection(SolutionProperties) = preSolution
		HideSolutionNode = FALSE
	EndGlobalSection
	GlobalSection(ExtensibilityGlobals) = postSolution
		SolutionGuid = {A5F770EB-C681-4214-9F78-B53B8991BD64}
	EndGlobalSection
EndGlobal
